// !$*UTF8*$!
{
	archiveVersion = 1;
	classes = {
	};
	objectVersion = 46;
	objects = {

/* Begin PBXBuildFile section */
		07913F071CBB50E0005ED5D4 /* GameMenu.swift in Sources */ = {isa = PBXBuildFile; fileRef = 07913F061CBB50E0005ED5D4 /* GameMenu.swift */; };
		07913F121CBB54A4005ED5D4 /* Menu.atlas in Resources */ = {isa = PBXBuildFile; fileRef = 07913F111CBB54A4005ED5D4 /* Menu.atlas */; };
		07913F161CBB8BC1005ED5D4 /* KittyBaseballGame.swift in Sources */ = {isa = PBXBuildFile; fileRef = 07913F151CBB8BC1005ED5D4 /* KittyBaseballGame.swift */; };
		07913F1C1CBB95F1005ED5D4 /* KittyBaseballGame.atlas in Resources */ = {isa = PBXBuildFile; fileRef = 07913F1B1CBB95F1005ED5D4 /* KittyBaseballGame.atlas */; };
		07F57DBC1CBB4077000CC1CD /* AppDelegate.swift in Sources */ = {isa = PBXBuildFile; fileRef = 07F57DBB1CBB4077000CC1CD /* AppDelegate.swift */; };
		07F57DC01CBB4077000CC1CD /* GameScene.swift in Sources */ = {isa = PBXBuildFile; fileRef = 07F57DBF1CBB4077000CC1CD /* GameScene.swift */; };
		07F57DC21CBB4077000CC1CD /* GameViewController.swift in Sources */ = {isa = PBXBuildFile; fileRef = 07F57DC11CBB4077000CC1CD /* GameViewController.swift */; };
		07F57DC51CBB4077000CC1CD /* Main.storyboard in Resources */ = {isa = PBXBuildFile; fileRef = 07F57DC31CBB4077000CC1CD /* Main.storyboard */; };
		07F57DC71CBB4077000CC1CD /* Assets.xcassets in Resources */ = {isa = PBXBuildFile; fileRef = 07F57DC61CBB4077000CC1CD /* Assets.xcassets */; };
		07F57DCA1CBB4077000CC1CD /* LaunchScreen.storyboard in Resources */ = {isa = PBXBuildFile; fileRef = 07F57DC81CBB4077000CC1CD /* LaunchScreen.storyboard */; };
		07F57DD51CBB4077000CC1CD /* Little_Busters_MinigameTests.swift in Sources */ = {isa = PBXBuildFile; fileRef = 07F57DD41CBB4077000CC1CD /* Little_Busters_MinigameTests.swift */; };
/* End PBXBuildFile section */

/* Begin PBXContainerItemProxy section */
		07F57DD11CBB4077000CC1CD /* PBXContainerItemProxy */ = {
			isa = PBXContainerItemProxy;
			containerPortal = 07F57DB01CBB4077000CC1CD /* Project object */;
			proxyType = 1;
			remoteGlobalIDString = 07F57DB71CBB4077000CC1CD;
			remoteInfo = "Little Busters Minigame";
		};
/* End PBXContainerItemProxy section */

/* Begin PBXFileReference section */
		07913F061CBB50E0005ED5D4 /* GameMenu.swift */ = {isa = PBXFileReference; fileEncoding = 4; lastKnownFileType = sourcecode.swift; path = GameMenu.swift; sourceTree = "<group>"; };
		07913F111CBB54A4005ED5D4 /* Menu.atlas */ = {isa = PBXFileReference; lastKnownFileType = folder.skatlas; path = Menu.atlas; sourceTree = "<group>"; };
		07913F151CBB8BC1005ED5D4 /* KittyBaseballGame.swift */ = {isa = PBXFileReference; fileEncoding = 4; lastKnownFileType = sourcecode.swift; path = KittyBaseballGame.swift; sourceTree = "<group>"; };
		07913F1B1CBB95F1005ED5D4 /* KittyBaseballGame.atlas */ = {isa = PBXFileReference; lastKnownFileType = folder.skatlas; path = KittyBaseballGame.atlas; sourceTree = "<group>"; };
		07F57DB81CBB4077000CC1CD /* Little Busters Minigame.app */ = {isa = PBXFileReference; explicitFileType = wrapper.application; includeInIndex = 0; path = "Little Busters Minigame.app"; sourceTree = BUILT_PRODUCTS_DIR; };
		07F57DBB1CBB4077000CC1CD /* AppDelegate.swift */ = {isa = PBXFileReference; lastKnownFileType = sourcecode.swift; path = AppDelegate.swift; sourceTree = "<group>"; };
		07F57DBF1CBB4077000CC1CD /* GameScene.swift */ = {isa = PBXFileReference; lastKnownFileType = sourcecode.swift; path = GameScene.swift; sourceTree = "<group>"; };
		07F57DC11CBB4077000CC1CD /* GameViewController.swift */ = {isa = PBXFileReference; lastKnownFileType = sourcecode.swift; path = GameViewController.swift; sourceTree = "<group>"; };
		07F57DC41CBB4077000CC1CD /* Base */ = {isa = PBXFileReference; lastKnownFileType = file.storyboard; name = Base; path = Base.lproj/Main.storyboard; sourceTree = "<group>"; };
		07F57DC61CBB4077000CC1CD /* Assets.xcassets */ = {isa = PBXFileReference; lastKnownFileType = folder.assetcatalog; path = Assets.xcassets; sourceTree = "<group>"; };
		07F57DC91CBB4077000CC1CD /* Base */ = {isa = PBXFileReference; lastKnownFileType = file.storyboard; name = Base; path = Base.lproj/LaunchScreen.storyboard; sourceTree = "<group>"; };
		07F57DCB1CBB4077000CC1CD /* Info.plist */ = {isa = PBXFileReference; lastKnownFileType = text.plist.xml; path = Info.plist; sourceTree = "<group>"; };
		07F57DD01CBB4077000CC1CD /* Little Busters MinigameTests.xctest */ = {isa = PBXFileReference; explicitFileType = wrapper.cfbundle; includeInIndex = 0; path = "Little Busters MinigameTests.xctest"; sourceTree = BUILT_PRODUCTS_DIR; };
		07F57DD41CBB4077000CC1CD /* Little_Busters_MinigameTests.swift */ = {isa = PBXFileReference; lastKnownFileType = sourcecode.swift; path = Little_Busters_MinigameTests.swift; sourceTree = "<group>"; };
		07F57DD61CBB4077000CC1CD /* Info.plist */ = {isa = PBXFileReference; lastKnownFileType = text.plist.xml; path = Info.plist; sourceTree = "<group>"; };
/* End PBXFileReference section */

/* Begin PBXFrameworksBuildPhase section */
		07F57DB51CBB4077000CC1CD /* Frameworks */ = {
			isa = PBXFrameworksBuildPhase;
			buildActionMask = 2147483647;
			files = (
			);
			runOnlyForDeploymentPostprocessing = 0;
		};
		07F57DCD1CBB4077000CC1CD /* Frameworks */ = {
			isa = PBXFrameworksBuildPhase;
			buildActionMask = 2147483647;
			files = (
			);
			runOnlyForDeploymentPostprocessing = 0;
		};
/* End PBXFrameworksBuildPhase section */

/* Begin PBXGroup section */
		07913F081CBB51B1005ED5D4 /* Art */ = {
			isa = PBXGroup;
			children = (
				07913F111CBB54A4005ED5D4 /* Menu.atlas */,
				07913F1B1CBB95F1005ED5D4 /* KittyBaseballGame.atlas */,
			);
			name = Art;
			sourceTree = "<group>";
		};
		07F57DAF1CBB4077000CC1CD = {
			isa = PBXGroup;
			children = (
				07F57DBA1CBB4077000CC1CD /* Little Busters Minigame */,
				07F57DD31CBB4077000CC1CD /* Little Busters MinigameTests */,
				07F57DB91CBB4077000CC1CD /* Products */,
			);
			sourceTree = "<group>";
		};
		07F57DB91CBB4077000CC1CD /* Products */ = {
			isa = PBXGroup;
			children = (
				07F57DB81CBB4077000CC1CD /* Little Busters Minigame.app */,
				07F57DD01CBB4077000CC1CD /* Little Busters MinigameTests.xctest */,
			);
			name = Products;
			sourceTree = "<group>";
		};
		07F57DBA1CBB4077000CC1CD /* Little Busters Minigame */ = {
			isa = PBXGroup;
			children = (
				07913F081CBB51B1005ED5D4 /* Art */,
				07F57DBB1CBB4077000CC1CD /* AppDelegate.swift */,
				07F57DBF1CBB4077000CC1CD /* GameScene.swift */,
				07F57DC11CBB4077000CC1CD /* GameViewController.swift */,
				07913F061CBB50E0005ED5D4 /* GameMenu.swift */,
				07913F151CBB8BC1005ED5D4 /* KittyBaseballGame.swift */,
				07F57DC61CBB4077000CC1CD /* Assets.xcassets */,
				07F57DC31CBB4077000CC1CD /* Main.storyboard */,
				07F57DC81CBB4077000CC1CD /* LaunchScreen.storyboard */,
				07F57DCB1CBB4077000CC1CD /* Info.plist */,
			);
			path = "Little Busters Minigame";
			sourceTree = "<group>";
		};
		07F57DD31CBB4077000CC1CD /* Little Busters MinigameTests */ = {
			isa = PBXGroup;
			children = (
				07F57DD41CBB4077000CC1CD /* Little_Busters_MinigameTests.swift */,
				07F57DD61CBB4077000CC1CD /* Info.plist */,
			);
			path = "Little Busters MinigameTests";
			sourceTree = "<group>";
		};
/* End PBXGroup section */

/* Begin PBXNativeTarget section */
		07F57DB71CBB4077000CC1CD /* Little Busters Minigame */ = {
			isa = PBXNativeTarget;
			buildConfigurationList = 07F57DD91CBB4077000CC1CD /* Build configuration list for PBXNativeTarget "Little Busters Minigame" */;
			buildPhases = (
				07F57DB41CBB4077000CC1CD /* Sources */,
				07F57DB51CBB4077000CC1CD /* Frameworks */,
				07F57DB61CBB4077000CC1CD /* Resources */,
			);
			buildRules = (
			);
			dependencies = (
			);
			name = "Little Busters Minigame";
			productName = "Little Busters Minigame";
			productReference = 07F57DB81CBB4077000CC1CD /* Little Busters Minigame.app */;
			productType = "com.apple.product-type.application";
		};
		07F57DCF1CBB4077000CC1CD /* Little Busters MinigameTests */ = {
			isa = PBXNativeTarget;
			buildConfigurationList = 07F57DDC1CBB4077000CC1CD /* Build configuration list for PBXNativeTarget "Little Busters MinigameTests" */;
			buildPhases = (
				07F57DCC1CBB4077000CC1CD /* Sources */,
				07F57DCD1CBB4077000CC1CD /* Frameworks */,
				07F57DCE1CBB4077000CC1CD /* Resources */,
			);
			buildRules = (
			);
			dependencies = (
				07F57DD21CBB4077000CC1CD /* PBXTargetDependency */,
			);
			name = "Little Busters MinigameTests";
			productName = "Little Busters MinigameTests";
			productReference = 07F57DD01CBB4077000CC1CD /* Little Busters MinigameTests.xctest */;
			productType = "com.apple.product-type.bundle.unit-test";
		};
/* End PBXNativeTarget section */

/* Begin PBXProject section */
		07F57DB01CBB4077000CC1CD /* Project object */ = {
			isa = PBXProject;
			attributes = {
				LastSwiftUpdateCheck = 0720;
				LastUpgradeCheck = 0720;
				ORGANIZATIONNAME = dmqlacgal;
				TargetAttributes = {
					07F57DB71CBB4077000CC1CD = {
						CreatedOnToolsVersion = 7.2;
					};
					07F57DCF1CBB4077000CC1CD = {
						CreatedOnToolsVersion = 7.2;
						TestTargetID = 07F57DB71CBB4077000CC1CD;
					};
				};
			};
			buildConfigurationList = 07F57DB31CBB4077000CC1CD /* Build configuration list for PBXProject "Little Busters Minigame" */;
			compatibilityVersion = "Xcode 3.2";
			developmentRegion = English;
			hasScannedForEncodings = 0;
			knownRegions = (
				en,
				Base,
			);
			mainGroup = 07F57DAF1CBB4077000CC1CD;
			productRefGroup = 07F57DB91CBB4077000CC1CD /* Products */;
			projectDirPath = "";
			projectRoot = "";
			targets = (
				07F57DB71CBB4077000CC1CD /* Little Busters Minigame */,
				07F57DCF1CBB4077000CC1CD /* Little Busters MinigameTests */,
			);
		};
/* End PBXProject section */

/* Begin PBXResourcesBuildPhase section */
		07F57DB61CBB4077000CC1CD /* Resources */ = {
			isa = PBXResourcesBuildPhase;
			buildActionMask = 2147483647;
			files = (
				07F57DCA1CBB4077000CC1CD /* LaunchScreen.storyboard in Resources */,
				07F57DC71CBB4077000CC1CD /* Assets.xcassets in Resources */,
				07913F1C1CBB95F1005ED5D4 /* KittyBaseballGame.atlas in Resources */,
				07913F121CBB54A4005ED5D4 /* Menu.atlas in Resources */,
				07F57DC51CBB4077000CC1CD /* Main.storyboard in Resources */,
			);
			runOnlyForDeploymentPostprocessing = 0;
		};
		07F57DCE1CBB4077000CC1CD /* Resources */ = {
			isa = PBXResourcesBuildPhase;
			buildActionMask = 2147483647;
			files = (
			);
			runOnlyForDeploymentPostprocessing = 0;
		};
/* End PBXResourcesBuildPhase section */

/* Begin PBXSourcesBuildPhase section */
		07F57DB41CBB4077000CC1CD /* Sources */ = {
			isa = PBXSourcesBuildPhase;
			buildActionMask = 2147483647;
			files = (
				07913F071CBB50E0005ED5D4 /* GameMenu.swift in Sources */,
				07913F161CBB8BC1005ED5D4 /* KittyBaseballGame.swift in Sources */,
				07F57DC01CBB4077000CC1CD /* GameScene.swift in Sources */,
				07F57DC21CBB4077000CC1CD /* GameViewController.swift in Sources */,
				07F57DBC1CBB4077000CC1CD /* AppDelegate.swift in Sources */,
			);
			runOnlyForDeploymentPostprocessing = 0;
		};
		07F57DCC1CBB4077000CC1CD /* Sources */ = {
			isa = PBXSourcesBuildPhase;
			buildActionMask = 2147483647;
			files = (
				07F57DD51CBB4077000CC1CD /* Little_Busters_MinigameTests.swift in Sources */,
			);
			runOnlyForDeploymentPostprocessing = 0;
		};
/* End PBXSourcesBuildPhase section */

/* Begin PBXTargetDependency section */
		07F57DD21CBB4077000CC1CD /* PBXTargetDependency */ = {
			isa = PBXTargetDependency;
			target = 07F57DB71CBB4077000CC1CD /* Little Busters Minigame */;
			targetProxy = 07F57DD11CBB4077000CC1CD /* PBXContainerItemProxy */;
		};
/* End PBXTargetDependency section */

/* Begin PBXVariantGroup section */
		07F57DC31CBB4077000CC1CD /* Main.storyboard */ = {
			isa = PBXVariantGroup;
			children = (
				07F57DC41CBB4077000CC1CD /* Base */,
			);
			name = Main.storyboard;
			sourceTree = "<group>";
		};
		07F57DC81CBB4077000CC1CD /* LaunchScreen.storyboard */ = {
			isa = PBXVariantGroup;
			children = (
				07F57DC91CBB4077000CC1CD /* Base */,
			);
			name = LaunchScreen.storyboard;
			sourceTree = "<group>";
		};
/* End PBXVariantGroup section */

/* Begin XCBuildConfiguration section */
		07F57DD71CBB4077000CC1CD /* Debug */ = {
			isa = XCBuildConfiguration;
			buildSettings = {
				ALWAYS_SEARCH_USER_PATHS = NO;
				CLANG_CXX_LANGUAGE_STANDARD = "gnu++0x";
				CLANG_CXX_LIBRARY = "libc++";
				CLANG_ENABLE_MODULES = YES;
				CLANG_ENABLE_OBJC_ARC = YES;
				CLANG_WARN_BOOL_CONVERSION = YES;
				CLANG_WARN_CONSTANT_CONVERSION = YES;
				CLANG_WARN_DIRECT_OBJC_ISA_USAGE = YES_ERROR;
				CLANG_WARN_EMPTY_BODY = YES;
				CLANG_WARN_ENUM_CONVERSION = YES;
				CLANG_WARN_INT_CONVERSION = YES;
				CLANG_WARN_OBJC_ROOT_CLASS = YES_ERROR;
				CLANG_WARN_UNREACHABLE_CODE = YES;
				CLANG_WARN__DUPLICATE_METHOD_MATCH = YES;
				"CODE_SIGN_IDENTITY[sdk=iphoneos*]" = "iPhone Developer";
				COPY_PHASE_STRIP = NO;
				DEBUG_INFORMATION_FORMAT = "dwarf-with-dsym";
				ENABLE_STRICT_OBJC_MSGSEND = YES;
				ENABLE_TESTABILITY = YES;
				GCC_C_LANGUAGE_STANDARD = gnu99;
				GCC_DYNAMIC_NO_PIC = NO;
				GCC_NO_COMMON_BLOCKS = YES;
				GCC_OPTIMIZATION_LEVEL = 0;
				GCC_PREPROCESSOR_DEFINITIONS = (
					"DEBUG=1",
					"$(inherited)",
				);
				GCC_WARN_64_TO_32_BIT_CONVERSION = YES;
				GCC_WARN_ABOUT_RETURN_TYPE = YES_ERROR;
				GCC_WARN_UNDECLARED_SELECTOR = YES;
				GCC_WARN_UNINITIALIZED_AUTOS = YES_AGGRESSIVE;
				GCC_WARN_UNUSED_FUNCTION = YES;
				GCC_WARN_UNUSED_VARIABLE = YES;
				IPHONEOS_DEPLOYMENT_TARGET = 9.2;
				MTL_ENABLE_DEBUG_INFO = YES;
				ONLY_ACTIVE_ARCH = YES;
				SDKROOT = iphoneos;
				SWIFT_OPTIMIZATION_LEVEL = "-Onone";
			};
			name = Debug;
		};
		07F57DD81CBB4077000CC1CD /* Release */ = {
			isa = XCBuildConfiguration;
			buildSettings = {
				ALWAYS_SEARCH_USER_PATHS = NO;
				CLANG_CXX_LANGUAGE_STANDARD = "gnu++0x";
				CLANG_CXX_LIBRARY = "libc++";
				CLANG_ENABLE_MODULES = YES;
				CLANG_ENABLE_OBJC_ARC = YES;
				CLANG_WARN_BOOL_CONVERSION = YES;
				CLANG_WARN_CONSTANT_CONVERSION = YES;
				CLANG_WARN_DIRECT_OBJC_ISA_USAGE = YES_ERROR;
				CLANG_WARN_EMPTY_BODY = YES;
				CLANG_WARN_ENUM_CONVERSION = YES;
				CLANG_WARN_INT_CONVERSION = YES;
				CLANG_WARN_OBJC_ROOT_CLASS = YES_ERROR;
				CLANG_WARN_UNREACHABLE_CODE = YES;
				CLANG_WARN__DUPLICATE_METHOD_MATCH = YES;
				"CODE_SIGN_IDENTITY[sdk=iphoneos*]" = "iPhone Developer";
				COPY_PHASE_STRIP = NO;
				DEBUG_INFORMATION_FORMAT = "dwarf-with-dsym";
				ENABLE_NS_ASSERTIONS = NO;
				ENABLE_STRICT_OBJC_MSGSEND = YES;
				GCC_C_LANGUAGE_STANDARD = gnu99;
				GCC_NO_COMMON_BLOCKS = YES;
				GCC_WARN_64_TO_32_BIT_CONVERSION = YES;
				GCC_WARN_ABOUT_RETURN_TYPE = YES_ERROR;
				GCC_WARN_UNDECLARED_SELECTOR = YES;
				GCC_WARN_UNINITIALIZED_AUTOS = YES_AGGRESSIVE;
				GCC_WARN_UNUSED_FUNCTION = YES;
				GCC_WARN_UNUSED_VARIABLE = YES;
				IPHONEOS_DEPLOYMENT_TARGET = 9.2;
				MTL_ENABLE_DEBUG_INFO = NO;
				SDKROOT = iphoneos;
				VALIDATE_PRODUCT = YES;
			};
			name = Release;
		};
		07F57DDA1CBB4077000CC1CD /* Debug */ = {
			isa = XCBuildConfiguration;
			buildSettings = {
				ASSETCATALOG_COMPILER_APPICON_NAME = AppIcon;
				CODE_SIGN_IDENTITY = "iPhone Developer";
				INFOPLIST_FILE = "Little Busters Minigame/Info.plist";
				IPHONEOS_DEPLOYMENT_TARGET = 9.2;
				LD_RUNPATH_SEARCH_PATHS = "$(inherited) @executable_path/Frameworks";
				PRODUCT_BUNDLE_IDENTIFIER = "com.dmqlacgal.Little-Busters-Minigame";
				PRODUCT_NAME = "$(TARGET_NAME)";
				TARGETED_DEVICE_FAMILY = 1;
			};
			name = Debug;
		};
		07F57DDB1CBB4077000CC1CD /* Release */ = {
			isa = XCBuildConfiguration;
			buildSettings = {
				ASSETCATALOG_COMPILER_APPICON_NAME = AppIcon;
				CODE_SIGN_IDENTITY = "iPhone Developer";
				INFOPLIST_FILE = "Little Busters Minigame/Info.plist";
				IPHONEOS_DEPLOYMENT_TARGET = 9.2;
				LD_RUNPATH_SEARCH_PATHS = "$(inherited) @executable_path/Frameworks";
				PRODUCT_BUNDLE_IDENTIFIER = "com.dmqlacgal.Little-Busters-Minigame";
				PRODUCT_NAME = "$(TARGET_NAME)";
				TARGETED_DEVICE_FAMILY = 1;
			};
			name = Release;
		};
		07F57DDD1CBB4077000CC1CD /* Debug */ = {
			isa = XCBuildConfiguration;
			buildSettings = {
				BUNDLE_LOADER = "$(TEST_HOST)";
				DEBUG_INFORMATION_FORMAT = dwarf;
				INFOPLIST_FILE = "Little Busters MinigameTests/Info.plist";
				LD_RUNPATH_SEARCH_PATHS = "$(inherited) @executable_path/Frameworks @loader_path/Frameworks";
				PRODUCT_BUNDLE_IDENTIFIER = "com.dmqlacgal.Little-Busters-MinigameTests";
				PRODUCT_NAME = "$(TARGET_NAME)";
				TEST_HOST = "$(BUILT_PRODUCTS_DIR)/Little Busters Minigame.app/Little Busters Minigame";
			};
			name = Debug;
		};
		07F57DDE1CBB4077000CC1CD /* Release */ = {
			isa = XCBuildConfiguration;
			buildSettings = {
				BUNDLE_LOADER = "$(TEST_HOST)";
				INFOPLIST_FILE = "Little Busters MinigameTests/Info.plist";
				LD_RUNPATH_SEARCH_PATHS = "$(inherited) @executable_path/Frameworks @loader_path/Frameworks";
				PRODUCT_BUNDLE_IDENTIFIER = "com.dmqlacgal.Little-Busters-MinigameTests";
				PRODUCT_NAME = "$(TARGET_NAME)";
				TEST_HOST = "$(BUILT_PRODUCTS_DIR)/Little Busters Minigame.app/Little Busters Minigame";
			};
			name = Release;
		};
/* End XCBuildConfiguration section */

/* Begin XCConfigurationList section */
		07F57DB31CBB4077000CC1CD /* Build configuration list for PBXProject "Little Busters Minigame" */ = {
			isa = XCConfigurationList;
			buildConfigurations = (
				07F57DD71CBB4077000CC1CD /* Debug */,
				07F57DD81CBB4077000CC1CD /* Release */,
			);
			defaultConfigurationIsVisible = 0;
			defaultConfigurationName = Release;
		};
		07F57DD91CBB4077000CC1CD /* Build configuration list for PBXNativeTarget "Little Busters Minigame" */ = {
			isa = XCConfigurationList;
			buildConfigurations = (
				07F57DDA1CBB4077000CC1CD /* Debug */,
				07F57DDB1CBB4077000CC1CD /* Release */,
			);
			defaultConfigurationIsVisible = 0;
			defaultConfigurationName = Release;
		};
		07F57DDC1CBB4077000CC1CD /* Build configuration list for PBXNativeTarget "Little Busters MinigameTests" */ = {
			isa = XCConfigurationList;
			buildConfigurations = (
				07F57DDD1CBB4077000CC1CD /* Debug */,
				07F57DDE1CBB4077000CC1CD /* Release */,
			);
			defaultConfigurationIsVisible = 0;
			defaultConfigurationName = Release;
		};
/* End XCConfigurationList section */
	};
	rootObject = 07F57DB01CBB4077000CC1CD /* Project object */;
}
